
Microsoft Visual Studio Solution File, Format Version 12.00
# Visual Studio Version 17
VisualStudioVersion = 17.13.35818.85
MinimumVisualStudioVersion = 10.0.40219.1
Project("{FAE04EC0-301F-11D3-BF4B-00C04F79EFBC}") = "NBomber.AMQP", "src\NBomber.AMQP\NBomber.AMQP.csproj", "{3451941B-0A49-413A-AB6C-D35538626861}"
EndProject
Project("{2150E333-8FDC-42A3-9474-1A3956D46DE8}") = "examples", "examples", "{76D4E4E9-9859-40D5-8088-36168D25686A}"
EndProject
Project("{FAE04EC0-301F-11D3-BF4B-00C04F79EFBC}") = "Demo", "examples\Demo\Demo.csproj", "{DEFB3816-6863-8526-C070-928DA33ECCFE}"
	ProjectSection(ProjectDependencies) = postProject
		{3451941B-0A49-413A-AB6C-D35538626861} = {3451941B-0A49-413A-AB6C-D35538626861}
	EndProjectSection
EndProject
Project("{FAE04EC0-301F-11D3-BF4B-00C04F79EFBC}") = "NBomber.AMQP.Tests", "tests\NBomber.AMQP.Tests\NBomber.AMQP.Tests.csproj", "{61117DA9-D8CA-9E46-7E7B-A7809F624503}"
EndProject
Project("{2150E333-8FDC-42A3-9474-1A3956D46DE8}") = "tests", "tests", "{C81B94A8-6A6B-435B-81CE-63B2EA73B1B6}"
EndProject
Project("{2150E333-8FDC-42A3-9474-1A3956D46DE8}") = "solution items", "solution items", "{0CF68B23-38FA-4420-8276-FD940BD770C4}"
	ProjectSection(SolutionItems) = preProject
		docker-compose.yml = docker-compose.yml
	EndProjectSection
EndProject
Global
	GlobalSection(SolutionConfigurationPlatforms) = preSolution
		Debug|Any CPU = Debug|Any CPU
		Release|Any CPU = Release|Any CPU
	EndGlobalSection
	GlobalSection(ProjectConfigurationPlatforms) = postSolution
		{3451941B-0A49-413A-AB6C-D35538626861}.Debug|Any CPU.ActiveCfg = Debug|Any CPU
		{3451941B-0A49-413A-AB6C-D35538626861}.Debug|Any CPU.Build.0 = Debug|Any CPU
		{3451941B-0A49-413A-AB6C-D35538626861}.Release|Any CPU.ActiveCfg = Release|Any CPU
		{3451941B-0A49-413A-AB6C-D35538626861}.Release|Any CPU.Build.0 = Release|Any CPU
		{DEFB3816-6863-8526-C070-928DA33ECCFE}.Debug|Any CPU.ActiveCfg = Debug|Any CPU
		{DEFB3816-6863-8526-C070-928DA33ECCFE}.Debug|Any CPU.Build.0 = Debug|Any CPU
		{DEFB3816-6863-8526-C070-928DA33ECCFE}.Release|Any CPU.ActiveCfg = Release|Any CPU
		{DEFB3816-6863-8526-C070-928DA33ECCFE}.Release|Any CPU.Build.0 = Release|Any CPU
		{61117DA9-D8CA-9E46-7E7B-A7809F624503}.Debug|Any CPU.ActiveCfg = Debug|Any CPU
		{61117DA9-D8CA-9E46-7E7B-A7809F624503}.Debug|Any CPU.Build.0 = Debug|Any CPU
		{61117DA9-D8CA-9E46-7E7B-A7809F624503}.Release|Any CPU.ActiveCfg = Release|Any CPU
		{61117DA9-D8CA-9E46-7E7B-A7809F624503}.Release|Any CPU.Build.0 = Release|Any CPU
	EndGlobalSection
	GlobalSection(SolutionProperties) = preSolution
		HideSolutionNode = FALSE
	EndGlobalSection
	GlobalSection(NestedProjects) = preSolution
		{DEFB3816-6863-8526-C070-928DA33ECCFE} = {76D4E4E9-9859-40D5-8088-36168D25686A}
		{61117DA9-D8CA-9E46-7E7B-A7809F624503} = {C81B94A8-6A6B-435B-81CE-63B2EA73B1B6}
	EndGlobalSection
	GlobalSection(ExtensibilityGlobals) = postSolution
		SolutionGuid = {571E490D-60EA-41B9-9C6B-F9884459D2FD}
	EndGlobalSection
EndGlobal
